
Microsoft Visual Studio Solution File, Format Version 12.00
# Visual Studio Version 17
VisualStudioVersion = 17.3.32929.385
MinimumVisualStudioVersion = 10.0.40219.1
Project("{FAE04EC0-301F-11D3-BF4B-00C04F79EFBC}") = "TechSpace.API", "TechSpace.API\TechSpace.API.csproj", "{5E3FE376-903E-4399-80A1-A23E347036AD}"
EndProject
Project("{FAE04EC0-301F-11D3-BF4B-00C04F79EFBC}") = "TechSpace.Application", "TechSpace.Application\TechSpace.Application.csproj", "{D9B23E90-A557-497E-8FCA-E0E0F8BBADEF}"
EndProject
Project("{FAE04EC0-301F-11D3-BF4B-00C04F79EFBC}") = "TechSpace.Domain", "TechSpace.Domain\TechSpace.Domain.csproj", "{ED83D04F-E6F5-4637-8F9A-3DE1CBFEF825}"
EndProject
Project("{FAE04EC0-301F-11D3-BF4B-00C04F79EFBC}") = "TechSpace.Infrastructure", "TechSpace.Infrastructure\TechSpace.Infrastructure.csproj", "{3E3993FA-8431-41D5-A2BD-531558DFFE6C}"
EndProject
Global
	GlobalSection(SolutionConfigurationPlatforms) = preSolution
		Debug|Any CPU = Debug|Any CPU
		Release|Any CPU = Release|Any CPU
	EndGlobalSection
	GlobalSection(ProjectConfigurationPlatforms) = postSolution
		{5E3FE376-903E-4399-80A1-A23E347036AD}.Debug|Any CPU.ActiveCfg = Debug|Any CPU
		{5E3FE376-903E-4399-80A1-A23E347036AD}.Debug|Any CPU.Build.0 = Debug|Any CPU
		{5E3FE376-903E-4399-80A1-A23E347036AD}.Release|Any CPU.ActiveCfg = Release|Any CPU
		{5E3FE376-903E-4399-80A1-A23E347036AD}.Release|Any CPU.Build.0 = Release|Any CPU
		{D9B23E90-A557-497E-8FCA-E0E0F8BBADEF}.Debug|Any CPU.ActiveCfg = Debug|Any CPU
		{D9B23E90-A557-497E-8FCA-E0E0F8BBADEF}.Debug|Any CPU.Build.0 = Debug|Any CPU
		{D9B23E90-A557-497E-8FCA-E0E0F8BBADEF}.Release|Any CPU.ActiveCfg = Release|Any CPU
		{D9B23E90-A557-497E-8FCA-E0E0F8BBADEF}.Release|Any CPU.Build.0 = Release|Any CPU
		{ED83D04F-E6F5-4637-8F9A-3DE1CBFEF825}.Debug|Any CPU.ActiveCfg = Debug|Any CPU
		{ED83D04F-E6F5-4637-8F9A-3DE1CBFEF825}.Debug|Any CPU.Build.0 = Debug|Any CPU
		{ED83D04F-E6F5-4637-8F9A-3DE1CBFEF825}.Release|Any CPU.ActiveCfg = Release|Any CPU
		{ED83D04F-E6F5-4637-8F9A-3DE1CBFEF825}.Release|Any CPU.Build.0 = Release|Any CPU
		{3E3993FA-8431-41D5-A2BD-531558DFFE6C}.Debug|Any CPU.ActiveCfg = Debug|Any CPU
		{3E3993FA-8431-41D5-A2BD-531558DFFE6C}.Debug|Any CPU.Build.0 = Debug|Any CPU
		{3E3993FA-8431-41D5-A2BD-531558DFFE6C}.Release|Any CPU.ActiveCfg = Release|Any CPU
		{3E3993FA-8431-41D5-A2BD-531558DFFE6C}.Release|Any CPU.Build.0 = Release|Any CPU
	EndGlobalSection
	GlobalSection(SolutionProperties) = preSolution
		HideSolutionNode = FALSE
	EndGlobalSection
	GlobalSection(ExtensibilityGlobals) = postSolution
		SolutionGuid = {1C3E8D1A-5C10-4DB6-9D70-6773FFF9705B}
	EndGlobalSection
EndGlobal
